# This file is automatically @generated by Cargo.
# It is not intended for manual editing.
version = 4

[[package]]
name = "bump-user"
version = "0.1.0"
dependencies = [
 "demo-app",
 "libos",
 "libplinth",
]

[[package]]
name = "demo-app"
version = "0.1.0"
dependencies = [
 "libos",
 "libplinth",
]

[[package]]
name = "libos"
version = "0.1.0"
dependencies = [
 "libplinth",
]

[[package]]
name = "libplinth"
version = "0.1.0"
