# This file is automatically @generated by Cargo.
# It is not intended for manual editing.
version = 4

[[package]]
name = "fbreclaimchild-user"
version = "0.1.0"
dependencies = [
 "libgfx",
 "libplinth",
]

[[package]]
name = "libfont"
version = "0.1.0"

[[package]]
name = "libgfx"
version = "0.1.0"
dependencies = [
 "libfont",
 "libplinth",
]

[[package]]
name = "libplinth"
version = "0.1.0"
