# This file is automatically @generated by Cargo.
# It is not intended for manual editing.
version = 4

[[package]]
name = "gfxtext-user"
version = "0.1.0"
dependencies = [
 "libgfx",
 "libinput",
 "libplinth",
]

[[package]]
name = "libgfx"
version = "0.1.0"
dependencies = [
 "libplinth",
]

[[package]]
name = "libinput"
version = "0.1.0"
dependencies = [
 "libplinth",
]

[[package]]
name = "libplinth"
version = "0.1.0"
